schema: '2.0'
stages:
  data_ingestion:
    cmd: python src/DataIngestion.py
    deps:
    - path: src/DataIngestion.py
      hash: md5
      md5: e91aff432f2fa7fa98155f29100f15f5
      size: 914
    outs:
    - path: data/raw_data.csv
      hash: md5
      md5: e5986c63f371b335fceb7778f4ca65c9
      size: 151102405
  data_splitting:
    cmd: python src/DataSplit.py
    deps:
    - path: data/raw_data.csv
      hash: md5
      md5: e5986c63f371b335fceb7778f4ca65c9
      size: 151102405
    - path: src/DataSplit.py
      hash: md5
      md5: c2d124a3eb6910ba9fe3d92748b7c040
      size: 1553
    outs:
    - path: data/test_data.csv
      hash: md5
      md5: a1ff6bf8b6d7fc4e8c661972fb513617
      size: 30219963
    - path: data/train_data.csv
      hash: md5
      md5: 45a357eb9404a6b91c2840d00c672959
      size: 120882564
  data_preprocessing:
    cmd: python src/DataFeatureEngineering.py
    deps:
    - path: data/test_data.csv
      hash: md5
      md5: a1ff6bf8b6d7fc4e8c661972fb513617
      size: 30219963
    - path: data/train_data.csv
      hash: md5
      md5: 45a357eb9404a6b91c2840d00c672959
      size: 120882564
    - path: src/DataFeatureEngineering.py
      hash: md5
      md5: 13a5389fd3ed1841415726e0dc290254
      size: 2781
    outs:
    - path: data/test_data_scaled.csv
      hash: md5
      md5: f55b5900be1af1d0edf78b81bf8f60d7
      size: 32869576
    - path: data/train_data_scaled.csv
      hash: md5
      md5: 060249795f4c5f48cae5c6ae0c135d79
      size: 131476109
  model_training:
    cmd: python src/Model.py
    deps:
    - path: data/train_data_scaled.csv
      hash: md5
      md5: 060249795f4c5f48cae5c6ae0c135d79
      size: 131476109
    - path: src/Model.py
      hash: md5
      md5: b0d3310d79468396da77d7947f7be995
      size: 10105
    params:
      params.yaml:
        experiment_name: final_model
        final_model:
          input_dim: 29
          layer_1_neurons: 64
          layer_2_neurons: 32
          layer_3_neurons: 16
          out_layer_neurons: 1
          layer_2_dropout: 0.2
          layer_3_dropout: 0.5
          l2_layer_2: 0.001
          l2_layer_3: 0.001
          learning_rate: 0.0001
          epochs: 100
          validation_split: 0.2
          early_stopping:
            monitor: val_pr_auc
            min_delta: 0.001
            patience: 10
            verbose: 1
            mode: max
            baseline:
            restore_best_weights: true
            start_from_epoch: 0
          class_weights:
            0: 1
            1: 10
    outs:
    - path: models/final_model.h5
      hash: md5
      md5: 06b404b811e906131f694eb9a9216f0c
      size: 92912
  model_evaluation:
    cmd: python src/ModelEvaluation.py
    deps:
    - path: data/test_data_scaled.csv
      hash: md5
      md5: f55b5900be1af1d0edf78b81bf8f60d7
      size: 32869576
    - path: models/baseline_model.h5
      hash: md5
      md5: f06e69011a55aa136d098cf38e737430
      size: 91304
    - path: models/class_weights_model.h5
      hash: md5
      md5: a5d00557408fa5f99ee5b349cbe53509
      size: 91304
    - path: models/controlled_class_weights_model.h5
      hash: md5
      md5: 2f9954b84c7be096119915f2b146fabb
      size: 92912
    - path: models/custom_class_weights_model.h5
      hash: md5
      md5: 72d16ecb8f5825250920db9ab396a950
      size: 91304
    - path: models/final_model.h5
      hash: md5
      md5: 06b404b811e906131f694eb9a9216f0c
      size: 92912
    - path: models/generalized_base_model.h5
      hash: md5
      md5: 6ba12a320e7623ffb70b54eeabb20100
      size: 91304
    - path: src/ModelEvaluation.py
      hash: md5
      md5: fdfd1afd83c1acfd2ff0a2375317d22e
      size: 4230
    params:
      params.yaml:
        experiment_name: final_model
    outs:
    - path: reports/baseline_model_metrics.json
      hash: md5
      md5: 27f92e95efc97e99db0b58f15fd24155
      size: 31
    - path: reports/class_weights_model_metrics.json
      hash: md5
      md5: 27f92e95efc97e99db0b58f15fd24155
      size: 31
    - path: reports/controlled_class_weights_model_metrics.json
      hash: md5
      md5: 27f92e95efc97e99db0b58f15fd24155
      size: 31
    - path: reports/custom_class_weights_model_metrics.json
      hash: md5
      md5: 27f92e95efc97e99db0b58f15fd24155
      size: 31
    - path: reports/final_model_metrics.json
      hash: md5
      md5: c6a79d67f2ef577768762ed057567812
      size: 126
    - path: reports/generalized_base_model_metrics.json
      hash: md5
      md5: 27f92e95efc97e99db0b58f15fd24155
      size: 31
