schema: '2.0'
stages:
  data_ingestion:
    cmd: python src/DataIngestion.py
    deps:
    - path: src/DataIngestion.py
      hash: md5
      md5: e91aff432f2fa7fa98155f29100f15f5
      size: 914
    outs:
    - path: data/raw_data.csv
      hash: md5
      md5: e5986c63f371b335fceb7778f4ca65c9
      size: 151102405
  data_splitting:
    cmd: python src/DataSplit.py
    deps:
    - path: data/raw_data.csv
      hash: md5
      md5: e5986c63f371b335fceb7778f4ca65c9
      size: 151102405
    - path: src/DataSplit.py
      hash: md5
      md5: c2d124a3eb6910ba9fe3d92748b7c040
      size: 1553
    outs:
    - path: data/test_data.csv
      hash: md5
      md5: a1ff6bf8b6d7fc4e8c661972fb513617
      size: 30219963
    - path: data/train_data.csv
      hash: md5
      md5: 45a357eb9404a6b91c2840d00c672959
      size: 120882564
  data_preprocessing:
    cmd: python src/DataFeatureEngineering.py
    deps:
    - path: data/test_data.csv
      hash: md5
      md5: a1ff6bf8b6d7fc4e8c661972fb513617
      size: 30219963
    - path: data/train_data.csv
      hash: md5
      md5: 45a357eb9404a6b91c2840d00c672959
      size: 120882564
    - path: src/DataFeatureEngineering.py
      hash: md5
      md5: 5517e5111195239437f4fc8657bceb70
      size: 2120
    outs:
    - path: data/test_data_scaled.csv
      hash: md5
      md5: 9458935e0a96a8236c2959f815732520
      size: 30582009
    - path: data/train_data_scaled.csv
      hash: md5
      md5: ebdaa46bc49be23bf799991a38a46825
      size: 122330011
  model_training:
    cmd: python src/Model.py
    deps:
    - path: data/train_data_scaled.csv
      hash: md5
      md5: ebdaa46bc49be23bf799991a38a46825
      size: 122330011
    - path: src/Model.py
      hash: md5
      md5: fe72c2c0d4a27b12bcf21df1b9850924
      size: 3322
    params:
      params.yaml:
        experiment_name: generalized_base_model
        generalized_base_model:
          input_dim: 29
          layer_1_neurons: 64
          layer_2_neurons: 32
          layer_3_neurons: 16
          out_layer_neurons: 1
          epochs: 100
          validation_split: 0.2
          early_stopping:
            monitor: val_recall
            min_delta: 0.001
            patience: 10
            verbose: 1
            mode: max
            baseline:
            restore_best_weights: true
            start_from_epoch: 6
    outs:
    - path: models/generalized_base_model.h5
      hash: md5
      md5: 2f37cec536ca75b12b1df85c67c95c61
      size: 91304
